
Microsoft Visual Studio Solution File, Format Version 12.00
# Visual Studio Version 17
VisualStudioVersion = 17.6.33829.357
MinimumVisualStudioVersion = 10.0.40219.1
Project("{FAE04EC0-301F-11D3-BF4B-00C04F79EFBC}") = "RazorPagesMovie", "RazorPagesMovie\RazorPagesMovie.csproj", "{369B278E-5B0C-4B08-84D8-0CBB218249B0}"
EndProject
Project("{FAE04EC0-301F-11D3-BF4B-00C04F79EFBC}") = "Domain", "Domain\Domain.csproj", "{5B45F120-D88E-4AA5-9C16-A8D523C1238C}"
EndProject
Project("{FAE04EC0-301F-11D3-BF4B-00C04F79EFBC}") = "Infrastructure", "Infrastructure\Infrastructure.csproj", "{8388332E-A737-4AC1-879B-235132963E37}"
EndProject
Global
	GlobalSection(SolutionConfigurationPlatforms) = preSolution
		Debug|Any CPU = Debug|Any CPU
		Release|Any CPU = Release|Any CPU
	EndGlobalSection
	GlobalSection(ProjectConfigurationPlatforms) = postSolution
		{369B278E-5B0C-4B08-84D8-0CBB218249B0}.Debug|Any CPU.ActiveCfg = Debug|Any CPU
		{369B278E-5B0C-4B08-84D8-0CBB218249B0}.Debug|Any CPU.Build.0 = Debug|Any CPU
		{369B278E-5B0C-4B08-84D8-0CBB218249B0}.Release|Any CPU.ActiveCfg = Release|Any CPU
		{369B278E-5B0C-4B08-84D8-0CBB218249B0}.Release|Any CPU.Build.0 = Release|Any CPU
		{5B45F120-D88E-4AA5-9C16-A8D523C1238C}.Debug|Any CPU.ActiveCfg = Debug|Any CPU
		{5B45F120-D88E-4AA5-9C16-A8D523C1238C}.Debug|Any CPU.Build.0 = Debug|Any CPU
		{5B45F120-D88E-4AA5-9C16-A8D523C1238C}.Release|Any CPU.ActiveCfg = Release|Any CPU
		{5B45F120-D88E-4AA5-9C16-A8D523C1238C}.Release|Any CPU.Build.0 = Release|Any CPU
		{8388332E-A737-4AC1-879B-235132963E37}.Debug|Any CPU.ActiveCfg = Debug|Any CPU
		{8388332E-A737-4AC1-879B-235132963E37}.Debug|Any CPU.Build.0 = Debug|Any CPU
		{8388332E-A737-4AC1-879B-235132963E37}.Release|Any CPU.ActiveCfg = Release|Any CPU
		{8388332E-A737-4AC1-879B-235132963E37}.Release|Any CPU.Build.0 = Release|Any CPU
	EndGlobalSection
	GlobalSection(SolutionProperties) = preSolution
		HideSolutionNode = FALSE
	EndGlobalSection
	GlobalSection(ExtensibilityGlobals) = postSolution
		SolutionGuid = {CD4D130E-9718-44E9-AB3D-91F78287AAE3}
	EndGlobalSection
EndGlobal
